{
  "name": "shape-integrations-core",
  "version": "0.0.2",
  "lockfileVersion": 1,
  "dependencies": {
    "global-request-logger": {
      "version": "0.1.1",
      "resolved": "https://registry.npmjs.org/global-request-logger/-/global-request-logger-0.1.1.tgz",
      "integrity": "sha1-g5oSZTcDHjO34awHdgi015lbAf4="
    },
    "lodash": {
      "version": "2.4.2",
      "resolved": "https://registry.npmjs.org/lodash/-/lodash-2.4.2.tgz",
      "integrity": "sha1-+t2DS5aDBz2hebPq5tnA0VBT9z4="
    },
    "prettier": {
      "version": "https://registry.npmjs.org/prettier/-/prettier-1.4.2.tgz",
      "integrity": "sha1-vN2V7R7KQ0rH+YyibqTSWir2oqw=",
      "dev": true
    }
  }
}
